
Microsoft Visual Studio Solution File, Format Version 12.00
# Visual Studio Version 17
VisualStudioVersion = 17.3.32811.315
MinimumVisualStudioVersion = 10.0.40219.1
Project("{FAE04EC0-301F-11D3-BF4B-00C04F79EFBC}") = "ejercicios parte 1", "ejercicios parte 1\ejercicios parte 1.csproj", "{71D38BFE-98E3-443E-923B-3A96C36B397D}"
EndProject
Project("{FAE04EC0-301F-11D3-BF4B-00C04F79EFBC}") = "ejercicio 2", "ejercicio 2\ejercicio 2.csproj", "{C30EB5A6-F804-46B2-9B63-DC046F33542A}"
EndProject
Project("{FAE04EC0-301F-11D3-BF4B-00C04F79EFBC}") = "ejercicio 3", "ejercicio 3\ejercicio 3.csproj", "{6BCB905B-F8A7-4ADE-8EB8-314354C70CE2}"
EndProject
Project("{FAE04EC0-301F-11D3-BF4B-00C04F79EFBC}") = "ejercicio  4", "ejercicio  4\ejercicio  4.csproj", "{D0123ABD-80B1-4FB2-84E4-ADA0743C0C6E}"
EndProject
Global
	GlobalSection(SolutionConfigurationPlatforms) = preSolution
		Debug|Any CPU = Debug|Any CPU
		Release|Any CPU = Release|Any CPU
	EndGlobalSection
	GlobalSection(ProjectConfigurationPlatforms) = postSolution
		{71D38BFE-98E3-443E-923B-3A96C36B397D}.Debug|Any CPU.ActiveCfg = Debug|Any CPU
		{71D38BFE-98E3-443E-923B-3A96C36B397D}.Debug|Any CPU.Build.0 = Debug|Any CPU
		{71D38BFE-98E3-443E-923B-3A96C36B397D}.Release|Any CPU.ActiveCfg = Release|Any CPU
		{71D38BFE-98E3-443E-923B-3A96C36B397D}.Release|Any CPU.Build.0 = Release|Any CPU
		{C30EB5A6-F804-46B2-9B63-DC046F33542A}.Debug|Any CPU.ActiveCfg = Debug|Any CPU
		{C30EB5A6-F804-46B2-9B63-DC046F33542A}.Debug|Any CPU.Build.0 = Debug|Any CPU
		{C30EB5A6-F804-46B2-9B63-DC046F33542A}.Release|Any CPU.ActiveCfg = Release|Any CPU
		{C30EB5A6-F804-46B2-9B63-DC046F33542A}.Release|Any CPU.Build.0 = Release|Any CPU
		{6BCB905B-F8A7-4ADE-8EB8-314354C70CE2}.Debug|Any CPU.ActiveCfg = Debug|Any CPU
		{6BCB905B-F8A7-4ADE-8EB8-314354C70CE2}.Debug|Any CPU.Build.0 = Debug|Any CPU
		{6BCB905B-F8A7-4ADE-8EB8-314354C70CE2}.Release|Any CPU.ActiveCfg = Release|Any CPU
		{6BCB905B-F8A7-4ADE-8EB8-314354C70CE2}.Release|Any CPU.Build.0 = Release|Any CPU
		{D0123ABD-80B1-4FB2-84E4-ADA0743C0C6E}.Debug|Any CPU.ActiveCfg = Debug|Any CPU
		{D0123ABD-80B1-4FB2-84E4-ADA0743C0C6E}.Debug|Any CPU.Build.0 = Debug|Any CPU
		{D0123ABD-80B1-4FB2-84E4-ADA0743C0C6E}.Release|Any CPU.ActiveCfg = Release|Any CPU
		{D0123ABD-80B1-4FB2-84E4-ADA0743C0C6E}.Release|Any CPU.Build.0 = Release|Any CPU
	EndGlobalSection
	GlobalSection(SolutionProperties) = preSolution
		HideSolutionNode = FALSE
	EndGlobalSection
	GlobalSection(ExtensibilityGlobals) = postSolution
		SolutionGuid = {25B0826A-B9EE-48D0-91B3-D1EAB6902565}
	EndGlobalSection
EndGlobal
